
Microsoft Visual Studio Solution File, Format Version 12.00
# Visual Studio Version 17
VisualStudioVersion = 17.2.32317.152
MinimumVisualStudioVersion = 10.0.40219.1
Project("{9A19103F-16F7-4668-BE54-9A1E7A4F7556}") = "Blauhaus.MVVM.Abstractions", "Blauhaus.MVVM.Abstractions\Blauhaus.MVVM.Abstractions.csproj", "{5377C9E2-571F-49B8-B48D-9CEE10255A56}"
EndProject
Project("{9A19103F-16F7-4668-BE54-9A1E7A4F7556}") = "Blauhaus.MVVM.TestHelpers", "Blauhaus.MVVM.TestHelpers\Blauhaus.MVVM.TestHelpers.csproj", "{5B030D34-29C9-486F-B907-F44506D8BC9D}"
EndProject
Project("{9A19103F-16F7-4668-BE54-9A1E7A4F7556}") = "Blauhaus.MVVM.Tests", "Blauhaus.MVVM.Tests\Blauhaus.MVVM.Tests.csproj", "{3BE70EAC-1A6D-4E4B-998D-82CDE17EE9B9}"
EndProject
Project("{9A19103F-16F7-4668-BE54-9A1E7A4F7556}") = "Blauhaus.MVVM.Xamarin", "Blauhaus.MVVM.Xamarin\Blauhaus.MVVM.Xamarin.csproj", "{878CCF87-9E78-42B3-A141-48CCF2478ACF}"
EndProject
Project("{2150E333-8FDC-42A3-9474-1A3956D46DE8}") = "Solution Items", "Solution Items", "{24A052CE-6A75-40FD-939B-D3E18A3C1212}"
	ProjectSection(SolutionItems) = preProject
		..\.github\workflows\blauhaus.yml = ..\.github\workflows\blauhaus.yml
	EndProjectSection
EndProject
Project("{9A19103F-16F7-4668-BE54-9A1E7A4F7556}") = "Blauhaus.MVVM", "Blauhaus.MVVM\Blauhaus.MVVM.csproj", "{F2655115-EDA0-4311-B079-913AB7B39E07}"
EndProject
Project("{9A19103F-16F7-4668-BE54-9A1E7A4F7556}") = "Blauhaus.MVVM.MonoGame", "Blauhaus.MVVM.MonoGame\Blauhaus.MVVM.MonoGame.csproj", "{D7273E1F-851F-4CBF-A4AA-CD4E75B8E79D}"
EndProject
Project("{9A19103F-16F7-4668-BE54-9A1E7A4F7556}") = "Blauhaus.MVVM.Maui", "Blauhaus.MVVM.Maui\Blauhaus.MVVM.Maui.csproj", "{396927F6-D09E-4C94-9F3D-D37545559DC5}"
EndProject
Project("{FAE04EC0-301F-11D3-BF4B-00C04F79EFBC}") = "Blauhaus.MVVM.Maui.TestApp", "Blauhaus.MVVM.Maui.TestApp\Blauhaus.MVVM.Maui.TestApp.csproj", "{C1FCF712-51F6-4128-B2A4-7CC746B98A10}"
EndProject
Global
	GlobalSection(SolutionConfigurationPlatforms) = preSolution
		Debug|Any CPU = Debug|Any CPU
		Release|Any CPU = Release|Any CPU
	EndGlobalSection
	GlobalSection(ProjectConfigurationPlatforms) = postSolution
		{5377C9E2-571F-49B8-B48D-9CEE10255A56}.Debug|Any CPU.ActiveCfg = Debug|Any CPU
		{5377C9E2-571F-49B8-B48D-9CEE10255A56}.Debug|Any CPU.Build.0 = Debug|Any CPU
		{5377C9E2-571F-49B8-B48D-9CEE10255A56}.Release|Any CPU.ActiveCfg = Release|Any CPU
		{5377C9E2-571F-49B8-B48D-9CEE10255A56}.Release|Any CPU.Build.0 = Release|Any CPU
		{5B030D34-29C9-486F-B907-F44506D8BC9D}.Debug|Any CPU.ActiveCfg = Debug|Any CPU
		{5B030D34-29C9-486F-B907-F44506D8BC9D}.Debug|Any CPU.Build.0 = Debug|Any CPU
		{5B030D34-29C9-486F-B907-F44506D8BC9D}.Release|Any CPU.ActiveCfg = Release|Any CPU
		{5B030D34-29C9-486F-B907-F44506D8BC9D}.Release|Any CPU.Build.0 = Release|Any CPU
		{3BE70EAC-1A6D-4E4B-998D-82CDE17EE9B9}.Debug|Any CPU.ActiveCfg = Debug|Any CPU
		{3BE70EAC-1A6D-4E4B-998D-82CDE17EE9B9}.Debug|Any CPU.Build.0 = Debug|Any CPU
		{3BE70EAC-1A6D-4E4B-998D-82CDE17EE9B9}.Release|Any CPU.ActiveCfg = Release|Any CPU
		{3BE70EAC-1A6D-4E4B-998D-82CDE17EE9B9}.Release|Any CPU.Build.0 = Release|Any CPU
		{878CCF87-9E78-42B3-A141-48CCF2478ACF}.Debug|Any CPU.ActiveCfg = Debug|Any CPU
		{878CCF87-9E78-42B3-A141-48CCF2478ACF}.Debug|Any CPU.Build.0 = Debug|Any CPU
		{878CCF87-9E78-42B3-A141-48CCF2478ACF}.Release|Any CPU.ActiveCfg = Release|Any CPU
		{878CCF87-9E78-42B3-A141-48CCF2478ACF}.Release|Any CPU.Build.0 = Release|Any CPU
		{F2655115-EDA0-4311-B079-913AB7B39E07}.Debug|Any CPU.ActiveCfg = Debug|Any CPU
		{F2655115-EDA0-4311-B079-913AB7B39E07}.Debug|Any CPU.Build.0 = Debug|Any CPU
		{F2655115-EDA0-4311-B079-913AB7B39E07}.Release|Any CPU.ActiveCfg = Release|Any CPU
		{F2655115-EDA0-4311-B079-913AB7B39E07}.Release|Any CPU.Build.0 = Release|Any CPU
		{D7273E1F-851F-4CBF-A4AA-CD4E75B8E79D}.Debug|Any CPU.ActiveCfg = Debug|Any CPU
		{D7273E1F-851F-4CBF-A4AA-CD4E75B8E79D}.Debug|Any CPU.Build.0 = Debug|Any CPU
		{D7273E1F-851F-4CBF-A4AA-CD4E75B8E79D}.Release|Any CPU.ActiveCfg = Release|Any CPU
		{D7273E1F-851F-4CBF-A4AA-CD4E75B8E79D}.Release|Any CPU.Build.0 = Release|Any CPU
		{396927F6-D09E-4C94-9F3D-D37545559DC5}.Debug|Any CPU.ActiveCfg = Debug|Any CPU
		{396927F6-D09E-4C94-9F3D-D37545559DC5}.Debug|Any CPU.Build.0 = Debug|Any CPU
		{396927F6-D09E-4C94-9F3D-D37545559DC5}.Release|Any CPU.ActiveCfg = Release|Any CPU
		{396927F6-D09E-4C94-9F3D-D37545559DC5}.Release|Any CPU.Build.0 = Release|Any CPU
		{C1FCF712-51F6-4128-B2A4-7CC746B98A10}.Debug|Any CPU.ActiveCfg = Debug|Any CPU
		{C1FCF712-51F6-4128-B2A4-7CC746B98A10}.Debug|Any CPU.Build.0 = Debug|Any CPU
		{C1FCF712-51F6-4128-B2A4-7CC746B98A10}.Debug|Any CPU.Deploy.0 = Debug|Any CPU
		{C1FCF712-51F6-4128-B2A4-7CC746B98A10}.Release|Any CPU.ActiveCfg = Release|Any CPU
		{C1FCF712-51F6-4128-B2A4-7CC746B98A10}.Release|Any CPU.Build.0 = Release|Any CPU
		{C1FCF712-51F6-4128-B2A4-7CC746B98A10}.Release|Any CPU.Deploy.0 = Release|Any CPU
	EndGlobalSection
	GlobalSection(SolutionProperties) = preSolution
		HideSolutionNode = FALSE
	EndGlobalSection
	GlobalSection(ExtensibilityGlobals) = postSolution
		SolutionGuid = {86AB7A86-751F-46CA-877F-380F499F340D}
	EndGlobalSection
EndGlobal
